
Microsoft Visual Studio Solution File, Format Version 12.00
# Visual Studio 15
VisualStudioVersion = 15.0.26730.16
MinimumVisualStudioVersion = 10.0.40219.1
Project("{FAE04EC0-301F-11D3-BF4B-00C04F79EFBC}") = "TextAnalyzer", "TextAnalyzer\TextAnalyzer.csproj", "{FC2D46EB-DC47-4030-8A22-6995D4BF5C20}"
EndProject
Global
	GlobalSection(SolutionConfigurationPlatforms) = preSolution
		Debug|Any CPU = Debug|Any CPU
		Release|Any CPU = Release|Any CPU
	EndGlobalSection
	GlobalSection(ProjectConfigurationPlatforms) = postSolution
		{FC2D46EB-DC47-4030-8A22-6995D4BF5C20}.Debug|Any CPU.ActiveCfg = Debug|Any CPU
		{FC2D46EB-DC47-4030-8A22-6995D4BF5C20}.Debug|Any CPU.Build.0 = Debug|Any CPU
		{FC2D46EB-DC47-4030-8A22-6995D4BF5C20}.Release|Any CPU.ActiveCfg = Release|Any CPU
		{FC2D46EB-DC47-4030-8A22-6995D4BF5C20}.Release|Any CPU.Build.0 = Release|Any CPU
	EndGlobalSection
	GlobalSection(SolutionProperties) = preSolution
		HideSolutionNode = FALSE
	EndGlobalSection
	GlobalSection(ExtensibilityGlobals) = postSolution
		SolutionGuid = {632D598B-B27F-4352-B350-7914907D8693}
	EndGlobalSection
EndGlobal
