
Microsoft Visual Studio Solution File, Format Version 12.00
# Visual Studio 15
VisualStudioVersion = 15.0.27004.2002
MinimumVisualStudioVersion = 10.0.40219.1
Project("{FAE04EC0-301F-11D3-BF4B-00C04F79EFBC}") = "Fsd.Janus.Damian.Cs.Ex1", "Fsd.Janus.Damian.Cs.Ex1\Fsd.Janus.Damian.Cs.Ex1.csproj", "{2CB92A76-FE1E-4098-8045-322B7B48D547}"
EndProject
Project("{FAE04EC0-301F-11D3-BF4B-00C04F79EFBC}") = "Fsd.Janus.Damian.Cs.Ex2", "Fsd.Janus.Damian.Cs.Ex2\Fsd.Janus.Damian.Cs.Ex2.csproj", "{12841607-0C42-4B26-ACDE-128C2A6C8AFD}"
EndProject
Project("{FAE04EC0-301F-11D3-BF4B-00C04F79EFBC}") = "Fsd.Janus.Damian.Cs.Ex4", "Fsd.Janus.Damian.Cs.Ex4\Fsd.Janus.Damian.Cs.Ex4.csproj", "{C64068DB-C056-4102-91CA-5EE8A276D895}"
EndProject
Project("{FAE04EC0-301F-11D3-BF4B-00C04F79EFBC}") = "Fsd.Janus.Damian.Data", "Fsd.Janus.Damian.Data\Fsd.Janus.Damian.Data.csproj", "{7E1911D6-0F71-4971-8025-64250FC554C3}"
EndProject
Project("{FAE04EC0-301F-11D3-BF4B-00C04F79EFBC}") = "Fsd.Janus.Damian.Services", "Fsd.Janus.Damian.Services\Fsd.Janus.Damian.Services.csproj", "{0DD0C7AF-F46D-4091-B1F9-25949876740E}"
EndProject
Global
	GlobalSection(SolutionConfigurationPlatforms) = preSolution
		Debug|Any CPU = Debug|Any CPU
		Release|Any CPU = Release|Any CPU
	EndGlobalSection
	GlobalSection(ProjectConfigurationPlatforms) = postSolution
		{2CB92A76-FE1E-4098-8045-322B7B48D547}.Debug|Any CPU.ActiveCfg = Debug|Any CPU
		{2CB92A76-FE1E-4098-8045-322B7B48D547}.Debug|Any CPU.Build.0 = Debug|Any CPU
		{2CB92A76-FE1E-4098-8045-322B7B48D547}.Release|Any CPU.ActiveCfg = Release|Any CPU
		{2CB92A76-FE1E-4098-8045-322B7B48D547}.Release|Any CPU.Build.0 = Release|Any CPU
		{12841607-0C42-4B26-ACDE-128C2A6C8AFD}.Debug|Any CPU.ActiveCfg = Debug|Any CPU
		{12841607-0C42-4B26-ACDE-128C2A6C8AFD}.Debug|Any CPU.Build.0 = Debug|Any CPU
		{12841607-0C42-4B26-ACDE-128C2A6C8AFD}.Release|Any CPU.ActiveCfg = Release|Any CPU
		{12841607-0C42-4B26-ACDE-128C2A6C8AFD}.Release|Any CPU.Build.0 = Release|Any CPU
		{C64068DB-C056-4102-91CA-5EE8A276D895}.Debug|Any CPU.ActiveCfg = Debug|Any CPU
		{C64068DB-C056-4102-91CA-5EE8A276D895}.Debug|Any CPU.Build.0 = Debug|Any CPU
		{C64068DB-C056-4102-91CA-5EE8A276D895}.Release|Any CPU.ActiveCfg = Release|Any CPU
		{C64068DB-C056-4102-91CA-5EE8A276D895}.Release|Any CPU.Build.0 = Release|Any CPU
		{7E1911D6-0F71-4971-8025-64250FC554C3}.Debug|Any CPU.ActiveCfg = Debug|Any CPU
		{7E1911D6-0F71-4971-8025-64250FC554C3}.Debug|Any CPU.Build.0 = Debug|Any CPU
		{7E1911D6-0F71-4971-8025-64250FC554C3}.Release|Any CPU.ActiveCfg = Release|Any CPU
		{7E1911D6-0F71-4971-8025-64250FC554C3}.Release|Any CPU.Build.0 = Release|Any CPU
		{0DD0C7AF-F46D-4091-B1F9-25949876740E}.Debug|Any CPU.ActiveCfg = Debug|Any CPU
		{0DD0C7AF-F46D-4091-B1F9-25949876740E}.Debug|Any CPU.Build.0 = Debug|Any CPU
		{0DD0C7AF-F46D-4091-B1F9-25949876740E}.Release|Any CPU.ActiveCfg = Release|Any CPU
		{0DD0C7AF-F46D-4091-B1F9-25949876740E}.Release|Any CPU.Build.0 = Release|Any CPU
	EndGlobalSection
	GlobalSection(SolutionProperties) = preSolution
		HideSolutionNode = FALSE
	EndGlobalSection
	GlobalSection(ExtensibilityGlobals) = postSolution
		SolutionGuid = {F2B71F4E-E54B-4FBD-A974-9CADDB1EB3E8}
	EndGlobalSection
EndGlobal
