
Microsoft Visual Studio Solution File, Format Version 12.00
# Visual Studio 15
VisualStudioVersion = 15.0.26730.15
MinimumVisualStudioVersion = 10.0.40219.1
Project("{FAE04EC0-301F-11D3-BF4B-00C04F79EFBC}") = "Weekend3.ConsoleApp", "Weekend3.ConsoleApp\Weekend3.ConsoleApp.csproj", "{50A8ACA3-9DB4-4C54-9354-C2093B246817}"
EndProject
Project("{FAE04EC0-301F-11D3-BF4B-00C04F79EFBC}") = "Weekend3.Data", "Weekend3.Data\Weekend3.Data.csproj", "{D698FF26-1734-4FE0-9BB6-4AD8D1EA813F}"
EndProject
Project("{FAE04EC0-301F-11D3-BF4B-00C04F79EFBC}") = "Weekend3.Services", "Weekend3.Services\Weekend3.Services.csproj", "{06FC9C7E-3861-41E4-B918-51F3C74F8300}"
EndProject
Project("{FAE04EC0-301F-11D3-BF4B-00C04F79EFBC}") = "Weekend3.Web", "Weekend3.Web\Weekend3.Web.csproj", "{6F5F1696-6F2D-4544-B2DF-38FB6D00BB09}"
EndProject
Global
	GlobalSection(SolutionConfigurationPlatforms) = preSolution
		Debug|Any CPU = Debug|Any CPU
		Release|Any CPU = Release|Any CPU
	EndGlobalSection
	GlobalSection(ProjectConfigurationPlatforms) = postSolution
		{50A8ACA3-9DB4-4C54-9354-C2093B246817}.Debug|Any CPU.ActiveCfg = Debug|Any CPU
		{50A8ACA3-9DB4-4C54-9354-C2093B246817}.Debug|Any CPU.Build.0 = Debug|Any CPU
		{50A8ACA3-9DB4-4C54-9354-C2093B246817}.Release|Any CPU.ActiveCfg = Release|Any CPU
		{50A8ACA3-9DB4-4C54-9354-C2093B246817}.Release|Any CPU.Build.0 = Release|Any CPU
		{D698FF26-1734-4FE0-9BB6-4AD8D1EA813F}.Debug|Any CPU.ActiveCfg = Debug|Any CPU
		{D698FF26-1734-4FE0-9BB6-4AD8D1EA813F}.Debug|Any CPU.Build.0 = Debug|Any CPU
		{D698FF26-1734-4FE0-9BB6-4AD8D1EA813F}.Release|Any CPU.ActiveCfg = Release|Any CPU
		{D698FF26-1734-4FE0-9BB6-4AD8D1EA813F}.Release|Any CPU.Build.0 = Release|Any CPU
		{06FC9C7E-3861-41E4-B918-51F3C74F8300}.Debug|Any CPU.ActiveCfg = Debug|Any CPU
		{06FC9C7E-3861-41E4-B918-51F3C74F8300}.Debug|Any CPU.Build.0 = Debug|Any CPU
		{06FC9C7E-3861-41E4-B918-51F3C74F8300}.Release|Any CPU.ActiveCfg = Release|Any CPU
		{06FC9C7E-3861-41E4-B918-51F3C74F8300}.Release|Any CPU.Build.0 = Release|Any CPU
		{6F5F1696-6F2D-4544-B2DF-38FB6D00BB09}.Debug|Any CPU.ActiveCfg = Debug|Any CPU
		{6F5F1696-6F2D-4544-B2DF-38FB6D00BB09}.Debug|Any CPU.Build.0 = Debug|Any CPU
		{6F5F1696-6F2D-4544-B2DF-38FB6D00BB09}.Release|Any CPU.ActiveCfg = Release|Any CPU
		{6F5F1696-6F2D-4544-B2DF-38FB6D00BB09}.Release|Any CPU.Build.0 = Release|Any CPU
	EndGlobalSection
	GlobalSection(SolutionProperties) = preSolution
		HideSolutionNode = FALSE
	EndGlobalSection
	GlobalSection(ExtensibilityGlobals) = postSolution
		SolutionGuid = {10EF264E-2CD7-43F7-BA64-C21D4CC17E06}
	EndGlobalSection
EndGlobal
