
Microsoft Visual Studio Solution File, Format Version 12.00
# Visual Studio 15
VisualStudioVersion = 15.0.26730.15
MinimumVisualStudioVersion = 10.0.40219.1
Project("{FAE04EC0-301F-11D3-BF4B-00C04F79EFBC}") = "Weekend2", "Weekend2\Weekend2.csproj", "{E199F8E6-690F-4E6B-B4AA-A2683C686CCA}"
EndProject
Global
	GlobalSection(SolutionConfigurationPlatforms) = preSolution
		Debug|Any CPU = Debug|Any CPU
		Release|Any CPU = Release|Any CPU
	EndGlobalSection
	GlobalSection(ProjectConfigurationPlatforms) = postSolution
		{E199F8E6-690F-4E6B-B4AA-A2683C686CCA}.Debug|Any CPU.ActiveCfg = Debug|Any CPU
		{E199F8E6-690F-4E6B-B4AA-A2683C686CCA}.Debug|Any CPU.Build.0 = Debug|Any CPU
		{E199F8E6-690F-4E6B-B4AA-A2683C686CCA}.Release|Any CPU.ActiveCfg = Release|Any CPU
		{E199F8E6-690F-4E6B-B4AA-A2683C686CCA}.Release|Any CPU.Build.0 = Release|Any CPU
	EndGlobalSection
	GlobalSection(SolutionProperties) = preSolution
		HideSolutionNode = FALSE
	EndGlobalSection
	GlobalSection(ExtensibilityGlobals) = postSolution
		SolutionGuid = {E7A25073-88F9-4332-9E8F-CF8C922E9D45}
	EndGlobalSection
EndGlobal
