
Microsoft Visual Studio Solution File, Format Version 12.00
# Visual Studio 15
VisualStudioVersion = 15.0.26730.16
MinimumVisualStudioVersion = 10.0.40219.1
Project("{FAE04EC0-301F-11D3-BF4B-00C04F79EFBC}") = "Exercise 1- Introduction", "Exercise 1- Introduction\Exercise 1- Introduction.csproj", "{8DDBBDA4-9027-4788-A5BA-F2B528179A41}"
EndProject
Global
	GlobalSection(SolutionConfigurationPlatforms) = preSolution
		Debug|Any CPU = Debug|Any CPU
		Release|Any CPU = Release|Any CPU
	EndGlobalSection
	GlobalSection(ProjectConfigurationPlatforms) = postSolution
		{8DDBBDA4-9027-4788-A5BA-F2B528179A41}.Debug|Any CPU.ActiveCfg = Debug|Any CPU
		{8DDBBDA4-9027-4788-A5BA-F2B528179A41}.Debug|Any CPU.Build.0 = Debug|Any CPU
		{8DDBBDA4-9027-4788-A5BA-F2B528179A41}.Release|Any CPU.ActiveCfg = Release|Any CPU
		{8DDBBDA4-9027-4788-A5BA-F2B528179A41}.Release|Any CPU.Build.0 = Release|Any CPU
	EndGlobalSection
	GlobalSection(SolutionProperties) = preSolution
		HideSolutionNode = FALSE
	EndGlobalSection
	GlobalSection(ExtensibilityGlobals) = postSolution
		SolutionGuid = {B95D8A86-2C38-4CB8-8AB9-E9849D1A8AAC}
	EndGlobalSection
EndGlobal
