
Microsoft Visual Studio Solution File, Format Version 12.00
# Visual Studio 15
VisualStudioVersion = 15.0.27004.2006
MinimumVisualStudioVersion = 10.0.40219.1
Project("{FAE04EC0-301F-11D3-BF4B-00C04F79EFBC}") = "Fsd.Kamil.Cs.Ex5.Web", "Fsd.Kamil.Cs.Ex5.Web.csproj", "{6F6FE41B-4E56-4F5A-B68B-E5A7FD3E894B}"
EndProject
Global
	GlobalSection(SolutionConfigurationPlatforms) = preSolution
		Debug|Any CPU = Debug|Any CPU
		Release|Any CPU = Release|Any CPU
	EndGlobalSection
	GlobalSection(ProjectConfigurationPlatforms) = postSolution
		{6F6FE41B-4E56-4F5A-B68B-E5A7FD3E894B}.Debug|Any CPU.ActiveCfg = Debug|Any CPU
		{6F6FE41B-4E56-4F5A-B68B-E5A7FD3E894B}.Debug|Any CPU.Build.0 = Debug|Any CPU
		{6F6FE41B-4E56-4F5A-B68B-E5A7FD3E894B}.Release|Any CPU.ActiveCfg = Release|Any CPU
		{6F6FE41B-4E56-4F5A-B68B-E5A7FD3E894B}.Release|Any CPU.Build.0 = Release|Any CPU
	EndGlobalSection
	GlobalSection(SolutionProperties) = preSolution
		HideSolutionNode = FALSE
	EndGlobalSection
	GlobalSection(ExtensibilityGlobals) = postSolution
		SolutionGuid = {879EC556-12AF-43F2-AC7D-B26FF1462DA1}
	EndGlobalSection
EndGlobal
