
Microsoft Visual Studio Solution File, Format Version 12.00
# Visual Studio 15
VisualStudioVersion = 15.0.26730.16
MinimumVisualStudioVersion = 10.0.40219.1
Project("{FAE04EC0-301F-11D3-BF4B-00C04F79EFBC}") = "Fsd.Jacek.Cs.Ex1", "Fsd.Jacek.Cs.Ex1\Fsd.Jacek.Cs.Ex1.csproj", "{E6BA2F2A-15D6-4081-82EA-E16550916040}"
EndProject
Project("{FAE04EC0-301F-11D3-BF4B-00C04F79EFBC}") = "Fsd.Jacek.Cs.Ex4", "Fsd.Jacek.Cs.Ex4\Fsd.Jacek.Cs.Ex4.csproj", "{4FEE1FE6-5C5B-4868-AC35-887D42DCEE5E}"
EndProject
Project("{FAE04EC0-301F-11D3-BF4B-00C04F79EFBC}") = "Fsd.Jacek.Cs.Ex2", "Fsd.Jacek.Cs.Ex2\Fsd.Jacek.Cs.Ex2.csproj", "{025DA198-2996-4FC4-AA4C-E009369EC5A5}"
EndProject
Project("{FAE04EC0-301F-11D3-BF4B-00C04F79EFBC}") = "Fsd.Jacek.Cs.Ex3", "Fsd.Jacek.Cs.Ex3\Fsd.Jacek.Cs.Ex3.csproj", "{8ABC01A7-4C01-4AAF-9F90-FE02A3D8B232}"
EndProject
Global
	GlobalSection(SolutionConfigurationPlatforms) = preSolution
		Debug|Any CPU = Debug|Any CPU
		Release|Any CPU = Release|Any CPU
	EndGlobalSection
	GlobalSection(ProjectConfigurationPlatforms) = postSolution
		{E6BA2F2A-15D6-4081-82EA-E16550916040}.Debug|Any CPU.ActiveCfg = Debug|Any CPU
		{E6BA2F2A-15D6-4081-82EA-E16550916040}.Debug|Any CPU.Build.0 = Debug|Any CPU
		{E6BA2F2A-15D6-4081-82EA-E16550916040}.Release|Any CPU.ActiveCfg = Release|Any CPU
		{E6BA2F2A-15D6-4081-82EA-E16550916040}.Release|Any CPU.Build.0 = Release|Any CPU
		{4FEE1FE6-5C5B-4868-AC35-887D42DCEE5E}.Debug|Any CPU.ActiveCfg = Debug|Any CPU
		{4FEE1FE6-5C5B-4868-AC35-887D42DCEE5E}.Debug|Any CPU.Build.0 = Debug|Any CPU
		{4FEE1FE6-5C5B-4868-AC35-887D42DCEE5E}.Release|Any CPU.ActiveCfg = Release|Any CPU
		{4FEE1FE6-5C5B-4868-AC35-887D42DCEE5E}.Release|Any CPU.Build.0 = Release|Any CPU
		{025DA198-2996-4FC4-AA4C-E009369EC5A5}.Debug|Any CPU.ActiveCfg = Debug|Any CPU
		{025DA198-2996-4FC4-AA4C-E009369EC5A5}.Debug|Any CPU.Build.0 = Debug|Any CPU
		{025DA198-2996-4FC4-AA4C-E009369EC5A5}.Release|Any CPU.ActiveCfg = Release|Any CPU
		{025DA198-2996-4FC4-AA4C-E009369EC5A5}.Release|Any CPU.Build.0 = Release|Any CPU
		{8ABC01A7-4C01-4AAF-9F90-FE02A3D8B232}.Debug|Any CPU.ActiveCfg = Debug|Any CPU
		{8ABC01A7-4C01-4AAF-9F90-FE02A3D8B232}.Debug|Any CPU.Build.0 = Debug|Any CPU
		{8ABC01A7-4C01-4AAF-9F90-FE02A3D8B232}.Release|Any CPU.ActiveCfg = Release|Any CPU
		{8ABC01A7-4C01-4AAF-9F90-FE02A3D8B232}.Release|Any CPU.Build.0 = Release|Any CPU
	EndGlobalSection
	GlobalSection(SolutionProperties) = preSolution
		HideSolutionNode = FALSE
	EndGlobalSection
	GlobalSection(ExtensibilityGlobals) = postSolution
		SolutionGuid = {E7FA8729-C7B6-44D7-817D-FC4FCA1A1718}
	EndGlobalSection
EndGlobal
