
Microsoft Visual Studio Solution File, Format Version 12.00
# Visual Studio 15
VisualStudioVersion = 15.0.26730.16
MinimumVisualStudioVersion = 10.0.40219.1
Project("{FAE04EC0-301F-11D3-BF4B-00C04F79EFBC}") = "Pzpn.Team.Web", "Pzpn.Team.Web\Pzpn.Team.Web.csproj", "{16827031-5BFF-41B4-A6D4-44CFC53E9713}"
EndProject
Project("{FAE04EC0-301F-11D3-BF4B-00C04F79EFBC}") = "Pzpn.Team.Domain", "Pzpn.Team.Domain\Pzpn.Team.Domain.csproj", "{58978D10-7204-4F0A-94CF-1BCFB244DB75}"
EndProject
Project("{FAE04EC0-301F-11D3-BF4B-00C04F79EFBC}") = "Pzpn.Team.Domain.Api", "Pzpn.Team.Domain.Api\Pzpn.Team.Domain.Api.csproj", "{723DB84E-8A19-4647-839D-32BC7065EC96}"
EndProject
Project("{FAE04EC0-301F-11D3-BF4B-00C04F79EFBC}") = "DupaDoUsunięcia", "DupaDoUsunięcia\DupaDoUsunięcia.csproj", "{B33B0EC7-9CC9-40E1-8B0A-5954CAABD53B}"
EndProject
Global
	GlobalSection(SolutionConfigurationPlatforms) = preSolution
		Debug|Any CPU = Debug|Any CPU
		Release|Any CPU = Release|Any CPU
	EndGlobalSection
	GlobalSection(ProjectConfigurationPlatforms) = postSolution
		{16827031-5BFF-41B4-A6D4-44CFC53E9713}.Debug|Any CPU.ActiveCfg = Debug|Any CPU
		{16827031-5BFF-41B4-A6D4-44CFC53E9713}.Debug|Any CPU.Build.0 = Debug|Any CPU
		{16827031-5BFF-41B4-A6D4-44CFC53E9713}.Release|Any CPU.ActiveCfg = Release|Any CPU
		{16827031-5BFF-41B4-A6D4-44CFC53E9713}.Release|Any CPU.Build.0 = Release|Any CPU
		{58978D10-7204-4F0A-94CF-1BCFB244DB75}.Debug|Any CPU.ActiveCfg = Debug|Any CPU
		{58978D10-7204-4F0A-94CF-1BCFB244DB75}.Debug|Any CPU.Build.0 = Debug|Any CPU
		{58978D10-7204-4F0A-94CF-1BCFB244DB75}.Release|Any CPU.ActiveCfg = Release|Any CPU
		{58978D10-7204-4F0A-94CF-1BCFB244DB75}.Release|Any CPU.Build.0 = Release|Any CPU
		{723DB84E-8A19-4647-839D-32BC7065EC96}.Debug|Any CPU.ActiveCfg = Debug|Any CPU
		{723DB84E-8A19-4647-839D-32BC7065EC96}.Debug|Any CPU.Build.0 = Debug|Any CPU
		{723DB84E-8A19-4647-839D-32BC7065EC96}.Release|Any CPU.ActiveCfg = Release|Any CPU
		{723DB84E-8A19-4647-839D-32BC7065EC96}.Release|Any CPU.Build.0 = Release|Any CPU
		{B33B0EC7-9CC9-40E1-8B0A-5954CAABD53B}.Debug|Any CPU.ActiveCfg = Debug|Any CPU
		{B33B0EC7-9CC9-40E1-8B0A-5954CAABD53B}.Debug|Any CPU.Build.0 = Debug|Any CPU
		{B33B0EC7-9CC9-40E1-8B0A-5954CAABD53B}.Release|Any CPU.ActiveCfg = Release|Any CPU
		{B33B0EC7-9CC9-40E1-8B0A-5954CAABD53B}.Release|Any CPU.Build.0 = Release|Any CPU
	EndGlobalSection
	GlobalSection(SolutionProperties) = preSolution
		HideSolutionNode = FALSE
	EndGlobalSection
	GlobalSection(ExtensibilityGlobals) = postSolution
		SolutionGuid = {00EB725C-5251-4136-8A3A-C776EE958709}
	EndGlobalSection
EndGlobal
