
Microsoft Visual Studio Solution File, Format Version 12.00
# Visual Studio 15
VisualStudioVersion = 15.0.26730.16
MinimumVisualStudioVersion = 10.0.40219.1
Project("{FAE04EC0-301F-11D3-BF4B-00C04F79EFBC}") = "Fsd.Sebastian.Cs1", "Fsd.Sebastian.Cs1\Fsd.Sebastian.Cs1.csproj", "{6C1F933A-CAEE-4CC6-A32A-BCCC51EF8C4E}"
EndProject
Project("{FAE04EC0-301F-11D3-BF4B-00C04F79EFBC}") = "Fsd.Sebastian.Cs2", "Fsd.Sebastian.Cs2\Fsd.Sebastian.Cs2.csproj", "{59F0AFB2-84A0-4239-BA9F-31AC789500C5}"
EndProject
Project("{FAE04EC0-301F-11D3-BF4B-00C04F79EFBC}") = "Fsd.Sebastian.Cs3", "Fsd.Sebastian.Cs3\Fsd.Sebastian.Cs3.csproj", "{32283274-0877-4858-A4BE-7617BEAE18D1}"
EndProject
Global
	GlobalSection(SolutionConfigurationPlatforms) = preSolution
		Debug|Any CPU = Debug|Any CPU
		Release|Any CPU = Release|Any CPU
	EndGlobalSection
	GlobalSection(ProjectConfigurationPlatforms) = postSolution
		{6C1F933A-CAEE-4CC6-A32A-BCCC51EF8C4E}.Debug|Any CPU.ActiveCfg = Debug|Any CPU
		{6C1F933A-CAEE-4CC6-A32A-BCCC51EF8C4E}.Debug|Any CPU.Build.0 = Debug|Any CPU
		{6C1F933A-CAEE-4CC6-A32A-BCCC51EF8C4E}.Release|Any CPU.ActiveCfg = Release|Any CPU
		{6C1F933A-CAEE-4CC6-A32A-BCCC51EF8C4E}.Release|Any CPU.Build.0 = Release|Any CPU
		{59F0AFB2-84A0-4239-BA9F-31AC789500C5}.Debug|Any CPU.ActiveCfg = Debug|Any CPU
		{59F0AFB2-84A0-4239-BA9F-31AC789500C5}.Debug|Any CPU.Build.0 = Debug|Any CPU
		{59F0AFB2-84A0-4239-BA9F-31AC789500C5}.Release|Any CPU.ActiveCfg = Release|Any CPU
		{59F0AFB2-84A0-4239-BA9F-31AC789500C5}.Release|Any CPU.Build.0 = Release|Any CPU
		{32283274-0877-4858-A4BE-7617BEAE18D1}.Debug|Any CPU.ActiveCfg = Debug|Any CPU
		{32283274-0877-4858-A4BE-7617BEAE18D1}.Debug|Any CPU.Build.0 = Debug|Any CPU
		{32283274-0877-4858-A4BE-7617BEAE18D1}.Release|Any CPU.ActiveCfg = Release|Any CPU
		{32283274-0877-4858-A4BE-7617BEAE18D1}.Release|Any CPU.Build.0 = Release|Any CPU
	EndGlobalSection
	GlobalSection(SolutionProperties) = preSolution
		HideSolutionNode = FALSE
	EndGlobalSection
	GlobalSection(ExtensibilityGlobals) = postSolution
		SolutionGuid = {574BE3E9-E4F6-49DD-9311-11C6FFC49D7E}
	EndGlobalSection
EndGlobal
